// !$*UTF8*$!
{
	archiveVersion = 1;
	classes = {
	};
	objectVersion = 55;
	objects = {

/* Begin PBXBuildFile section */
		0A324BF8272C5C4800A097F8 /* TestVehicleInfoFetch.swift in Sources */ = {isa = PBXBuildFile; fileRef = 0A324BF7272C5C4800A097F8 /* TestVehicleInfoFetch.swift */; };
		0A324BFF272C689F00A097F8 /* SensorDetailRow.swift in Sources */ = {isa = PBXBuildFile; fileRef = 0A324BFE272C689F00A097F8 /* SensorDetailRow.swift */; };
		0A324C01272C759B00A097F8 /* InputValueView.swift in Sources */ = {isa = PBXBuildFile; fileRef = 0A324C00272C759B00A097F8 /* InputValueView.swift */; };
		0A7E798C272B41C6001D1B47 /* RequestDetails.swift in Sources */ = {isa = PBXBuildFile; fileRef = 0A7E798B272B41C6001D1B47 /* RequestDetails.swift */; };
		0A7E798E272B421F001D1B47 /* UserDetails.swift in Sources */ = {isa = PBXBuildFile; fileRef = 0A7E798D272B421F001D1B47 /* UserDetails.swift */; };
		0A7E7990272B42CF001D1B47 /* JSONParseTest.swift in Sources */ = {isa = PBXBuildFile; fileRef = 0A7E798F272B42CF001D1B47 /* JSONParseTest.swift */; };
		0A7E7993272B5AE4001D1B47 /* VehicleList.swift in Sources */ = {isa = PBXBuildFile; fileRef = 0A7E7992272B5AE4001D1B47 /* VehicleList.swift */; };
		0A7E7995272B62D9001D1B47 /* VehicleDetailView.swift in Sources */ = {isa = PBXBuildFile; fileRef = 0A7E7994272B62D9001D1B47 /* VehicleDetailView.swift */; };
		0A7E7998272B6419001D1B47 /* RetrieveVehicleInfo.swift in Sources */ = {isa = PBXBuildFile; fileRef = 0A7E7997272B6419001D1B47 /* RetrieveVehicleInfo.swift */; };
		0A7E799B272B64DB001D1B47 /* SampleVehicleConfig.json in Resources */ = {isa = PBXBuildFile; fileRef = 0A7E799A272B64DB001D1B47 /* SampleVehicleConfig.json */; };
		0A7E799E272B65E3001D1B47 /* VehiclePersistence.swift in Sources */ = {isa = PBXBuildFile; fileRef = 0A7E799D272B65E3001D1B47 /* VehiclePersistence.swift */; };
		0A7E79A0272B70A5001D1B47 /* DbError.swift in Sources */ = {isa = PBXBuildFile; fileRef = 0A7E799F272B70A5001D1B47 /* DbError.swift */; };
		0A7E79A4272B71A5001D1B47 /* PersistentTest.swift in Sources */ = {isa = PBXBuildFile; fileRef = 0A7E79A3272B71A5001D1B47 /* PersistentTest.swift */; };
		0A7E79AA272BE69A001D1B47 /* SensorDetailsView.swift in Sources */ = {isa = PBXBuildFile; fileRef = 0A7E79A8272BE478001D1B47 /* SensorDetailsView.swift */; };
		0A8CEED22729F5270086E19C /* MyVehicleApp.swift in Sources */ = {isa = PBXBuildFile; fileRef = 0A8CEED12729F5270086E19C /* MyVehicleApp.swift */; };
		0A8CEED62729F5290086E19C /* Assets.xcassets in Resources */ = {isa = PBXBuildFile; fileRef = 0A8CEED52729F5290086E19C /* Assets.xcassets */; };
		0A8CEED92729F5290086E19C /* Preview Assets.xcassets in Resources */ = {isa = PBXBuildFile; fileRef = 0A8CEED82729F5290086E19C /* Preview Assets.xcassets */; };
		0A8CEEDB2729F5290086E19C /* Persistence.swift in Sources */ = {isa = PBXBuildFile; fileRef = 0A8CEEDA2729F5290086E19C /* Persistence.swift */; };
		0A8CEEDE2729F5290086E19C /* MyVehicle.xcdatamodeld in Sources */ = {isa = PBXBuildFile; fileRef = 0A8CEEDC2729F5290086E19C /* MyVehicle.xcdatamodeld */; };
		0A8CEEE82729F5290086E19C /* MyVehicleTests.swift in Sources */ = {isa = PBXBuildFile; fileRef = 0A8CEEE72729F5290086E19C /* MyVehicleTests.swift */; };
		0A8CEEF22729F5290086E19C /* MyVehicleUITests.swift in Sources */ = {isa = PBXBuildFile; fileRef = 0A8CEEF12729F5290086E19C /* MyVehicleUITests.swift */; };
		0A8CEEF42729F5290086E19C /* MyVehicleUITestsLaunchTests.swift in Sources */ = {isa = PBXBuildFile; fileRef = 0A8CEEF32729F5290086E19C /* MyVehicleUITestsLaunchTests.swift */; };
		0A8CEF022729F5F40086E19C /* VehicleDetail.swift in Sources */ = {isa = PBXBuildFile; fileRef = 0A8CEF012729F5F40086E19C /* VehicleDetail.swift */; };
		0A8CEF042729F69F0086E19C /* SensorDetails.swift in Sources */ = {isa = PBXBuildFile; fileRef = 0A8CEF032729F69F0086E19C /* SensorDetails.swift */; };
		0ABE5853272C0DA500F9AD90 /* ModalView.swift in Sources */ = {isa = PBXBuildFile; fileRef = 0ABE5852272C0DA500F9AD90 /* ModalView.swift */; };
		0ABE5856272C0E0300F9AD90 /* ModalStyle.swift in Sources */ = {isa = PBXBuildFile; fileRef = 0ABE5855272C0E0300F9AD90 /* ModalStyle.swift */; };
		0ABE5859272C0EED00F9AD90 /* ViewExtension.swift in Sources */ = {isa = PBXBuildFile; fileRef = 0ABE5858272C0EED00F9AD90 /* ViewExtension.swift */; };
		0ABE585D272C245700F9AD90 /* DropdownSelectionView.swift in Sources */ = {isa = PBXBuildFile; fileRef = 0ABE585C272C245700F9AD90 /* DropdownSelectionView.swift */; };
		0AD5A6FC2729F8B8005918FD /* VehicleConfig.swift in Sources */ = {isa = PBXBuildFile; fileRef = 0AD5A6FB2729F8B8005918FD /* VehicleConfig.swift */; };
/* End PBXBuildFile section */

/* Begin PBXContainerItemProxy section */
		0A8CEEE42729F5290086E19C /* PBXContainerItemProxy */ = {
			isa = PBXContainerItemProxy;
			containerPortal = 0A8CEEC62729F5270086E19C /* Project object */;
			proxyType = 1;
			remoteGlobalIDString = 0A8CEECD2729F5270086E19C;
			remoteInfo = "My Vehicle";
		};
		0A8CEEEE2729F5290086E19C /* PBXContainerItemProxy */ = {
			isa = PBXContainerItemProxy;
			containerPortal = 0A8CEEC62729F5270086E19C /* Project object */;
			proxyType = 1;
			remoteGlobalIDString = 0A8CEECD2729F5270086E19C;
			remoteInfo = "My Vehicle";
		};
/* End PBXContainerItemProxy section */

/* Begin PBXFileReference section */
		0A324BF6272C45E100A097F8 /* MyVehicle2.xcdatamodel */ = {isa = PBXFileReference; lastKnownFileType = wrapper.xcdatamodel; path = MyVehicle2.xcdatamodel; sourceTree = "<group>"; };
		0A324BF7272C5C4800A097F8 /* TestVehicleInfoFetch.swift */ = {isa = PBXFileReference; lastKnownFileType = sourcecode.swift; path = TestVehicleInfoFetch.swift; sourceTree = "<group>"; };
		0A324BFE272C689F00A097F8 /* SensorDetailRow.swift */ = {isa = PBXFileReference; lastKnownFileType = sourcecode.swift; path = SensorDetailRow.swift; sourceTree = "<group>"; };
		0A324C00272C759B00A097F8 /* InputValueView.swift */ = {isa = PBXFileReference; lastKnownFileType = sourcecode.swift; path = InputValueView.swift; sourceTree = "<group>"; };
		0A7E798B272B41C6001D1B47 /* RequestDetails.swift */ = {isa = PBXFileReference; lastKnownFileType = sourcecode.swift; path = RequestDetails.swift; sourceTree = "<group>"; };
		0A7E798D272B421F001D1B47 /* UserDetails.swift */ = {isa = PBXFileReference; lastKnownFileType = sourcecode.swift; path = UserDetails.swift; sourceTree = "<group>"; };
		0A7E798F272B42CF001D1B47 /* JSONParseTest.swift */ = {isa = PBXFileReference; lastKnownFileType = sourcecode.swift; path = JSONParseTest.swift; sourceTree = "<group>"; };
		0A7E7992272B5AE4001D1B47 /* VehicleList.swift */ = {isa = PBXFileReference; lastKnownFileType = sourcecode.swift; path = VehicleList.swift; sourceTree = "<group>"; };
		0A7E7994272B62D9001D1B47 /* VehicleDetailView.swift */ = {isa = PBXFileReference; lastKnownFileType = sourcecode.swift; path = VehicleDetailView.swift; sourceTree = "<group>"; };
		0A7E7997272B6419001D1B47 /* RetrieveVehicleInfo.swift */ = {isa = PBXFileReference; lastKnownFileType = sourcecode.swift; path = RetrieveVehicleInfo.swift; sourceTree = "<group>"; };
		0A7E799A272B64DB001D1B47 /* SampleVehicleConfig.json */ = {isa = PBXFileReference; lastKnownFileType = text.json; path = SampleVehicleConfig.json; sourceTree = "<group>"; };
		0A7E799D272B65E3001D1B47 /* VehiclePersistence.swift */ = {isa = PBXFileReference; lastKnownFileType = sourcecode.swift; path = VehiclePersistence.swift; sourceTree = "<group>"; };
		0A7E799F272B70A5001D1B47 /* DbError.swift */ = {isa = PBXFileReference; lastKnownFileType = sourcecode.swift; path = DbError.swift; sourceTree = "<group>"; };
		0A7E79A3272B71A5001D1B47 /* PersistentTest.swift */ = {isa = PBXFileReference; lastKnownFileType = sourcecode.swift; path = PersistentTest.swift; sourceTree = "<group>"; };
		0A7E79A8272BE478001D1B47 /* SensorDetailsView.swift */ = {isa = PBXFileReference; lastKnownFileType = sourcecode.swift; path = SensorDetailsView.swift; sourceTree = "<group>"; };
		0A8CEECE2729F5270086E19C /* MyVehicle.app */ = {isa = PBXFileReference; explicitFileType = wrapper.application; includeInIndex = 0; path = MyVehicle.app; sourceTree = BUILT_PRODUCTS_DIR; };
		0A8CEED12729F5270086E19C /* MyVehicleApp.swift */ = {isa = PBXFileReference; lastKnownFileType = sourcecode.swift; path = MyVehicleApp.swift; sourceTree = "<group>"; };
		0A8CEED52729F5290086E19C /* Assets.xcassets */ = {isa = PBXFileReference; lastKnownFileType = folder.assetcatalog; path = Assets.xcassets; sourceTree = "<group>"; };
		0A8CEED82729F5290086E19C /* Preview Assets.xcassets */ = {isa = PBXFileReference; lastKnownFileType = folder.assetcatalog; path = "Preview Assets.xcassets"; sourceTree = "<group>"; };
		0A8CEEDA2729F5290086E19C /* Persistence.swift */ = {isa = PBXFileReference; lastKnownFileType = sourcecode.swift; path = Persistence.swift; sourceTree = "<group>"; };
		0A8CEEDD2729F5290086E19C /* My_Vehicle.xcdatamodel */ = {isa = PBXFileReference; lastKnownFileType = wrapper.xcdatamodel; path = My_Vehicle.xcdatamodel; sourceTree = "<group>"; };
		0A8CEEE32729F5290086E19C /* My VehicleTests.xctest */ = {isa = PBXFileReference; explicitFileType = wrapper.cfbundle; includeInIndex = 0; path = "My VehicleTests.xctest"; sourceTree = BUILT_PRODUCTS_DIR; };
		0A8CEEE72729F5290086E19C /* MyVehicleTests.swift */ = {isa = PBXFileReference; lastKnownFileType = sourcecode.swift; path = MyVehicleTests.swift; sourceTree = "<group>"; };
		0A8CEEED2729F5290086E19C /* My VehicleUITests.xctest */ = {isa = PBXFileReference; explicitFileType = wrapper.cfbundle; includeInIndex = 0; path = "My VehicleUITests.xctest"; sourceTree = BUILT_PRODUCTS_DIR; };
		0A8CEEF12729F5290086E19C /* MyVehicleUITests.swift */ = {isa = PBXFileReference; lastKnownFileType = sourcecode.swift; path = MyVehicleUITests.swift; sourceTree = "<group>"; };
		0A8CEEF32729F5290086E19C /* MyVehicleUITestsLaunchTests.swift */ = {isa = PBXFileReference; lastKnownFileType = sourcecode.swift; path = MyVehicleUITestsLaunchTests.swift; sourceTree = "<group>"; };
		0A8CEF012729F5F40086E19C /* VehicleDetail.swift */ = {isa = PBXFileReference; lastKnownFileType = sourcecode.swift; path = VehicleDetail.swift; sourceTree = "<group>"; };
		0A8CEF032729F69F0086E19C /* SensorDetails.swift */ = {isa = PBXFileReference; lastKnownFileType = sourcecode.swift; path = SensorDetails.swift; sourceTree = "<group>"; };
		0ABE5852272C0DA500F9AD90 /* ModalView.swift */ = {isa = PBXFileReference; lastKnownFileType = sourcecode.swift; path = ModalView.swift; sourceTree = "<group>"; };
		0ABE5855272C0E0300F9AD90 /* ModalStyle.swift */ = {isa = PBXFileReference; lastKnownFileType = sourcecode.swift; path = ModalStyle.swift; sourceTree = "<group>"; };
		0ABE5858272C0EED00F9AD90 /* ViewExtension.swift */ = {isa = PBXFileReference; lastKnownFileType = sourcecode.swift; path = ViewExtension.swift; sourceTree = "<group>"; };
		0ABE585C272C245700F9AD90 /* DropdownSelectionView.swift */ = {isa = PBXFileReference; lastKnownFileType = sourcecode.swift; path = DropdownSelectionView.swift; sourceTree = "<group>"; };
		0AD5A6FB2729F8B8005918FD /* VehicleConfig.swift */ = {isa = PBXFileReference; lastKnownFileType = sourcecode.swift; path = VehicleConfig.swift; sourceTree = "<group>"; };
/* End PBXFileReference section */

/* Begin PBXFrameworksBuildPhase section */
		0A8CEECB2729F5270086E19C /* Frameworks */ = {
			isa = PBXFrameworksBuildPhase;
			buildActionMask = 2147483647;
			files = (
			);
			runOnlyForDeploymentPostprocessing = 0;
		};
		0A8CEEE02729F5290086E19C /* Frameworks */ = {
			isa = PBXFrameworksBuildPhase;
			buildActionMask = 2147483647;
			files = (
			);
			runOnlyForDeploymentPostprocessing = 0;
		};
		0A8CEEEA2729F5290086E19C /* Frameworks */ = {
			isa = PBXFrameworksBuildPhase;
			buildActionMask = 2147483647;
			files = (
			);
			runOnlyForDeploymentPostprocessing = 0;
		};
/* End PBXFrameworksBuildPhase section */

/* Begin PBXGroup section */
		0A7E7991272B5AD4001D1B47 /* Views */ = {
			isa = PBXGroup;
			children = (
				0A7E7992272B5AE4001D1B47 /* VehicleList.swift */,
				0A7E7994272B62D9001D1B47 /* VehicleDetailView.swift */,
				0A7E79A8272BE478001D1B47 /* SensorDetailsView.swift */,
				0ABE5852272C0DA500F9AD90 /* ModalView.swift */,
				0ABE585C272C245700F9AD90 /* DropdownSelectionView.swift */,
				0A324BFE272C689F00A097F8 /* SensorDetailRow.swift */,
				0A324C00272C759B00A097F8 /* InputValueView.swift */,
			);
			path = Views;
			sourceTree = "<group>";
		};
		0A7E7996272B63FC001D1B47 /* Requests */ = {
			isa = PBXGroup;
			children = (
				0A7E7997272B6419001D1B47 /* RetrieveVehicleInfo.swift */,
			);
			path = Requests;
			sourceTree = "<group>";
		};
		0A7E7999272B64A7001D1B47 /* Resources */ = {
			isa = PBXGroup;
			children = (
				0A7E799A272B64DB001D1B47 /* SampleVehicleConfig.json */,
			);
			path = Resources;
			sourceTree = "<group>";
		};
		0A7E799C272B65BE001D1B47 /* Database */ = {
			isa = PBXGroup;
			children = (
				0A8CEEDA2729F5290086E19C /* Persistence.swift */,
				0A7E799D272B65E3001D1B47 /* VehiclePersistence.swift */,
				0A7E799F272B70A5001D1B47 /* DbError.swift */,
			);
			path = Database;
			sourceTree = "<group>";
		};
		0A8CEEC52729F5270086E19C = {
			isa = PBXGroup;
			children = (
				0A8CEED02729F5270086E19C /* My Vehicle */,
				0A8CEEE62729F5290086E19C /* My VehicleTests */,
				0A8CEEF02729F5290086E19C /* My VehicleUITests */,
				0A8CEECF2729F5270086E19C /* Products */,
			);
			sourceTree = "<group>";
		};
		0A8CEECF2729F5270086E19C /* Products */ = {
			isa = PBXGroup;
			children = (
				0A8CEECE2729F5270086E19C /* MyVehicle.app */,
				0A8CEEE32729F5290086E19C /* My VehicleTests.xctest */,
				0A8CEEED2729F5290086E19C /* My VehicleUITests.xctest */,
			);
			name = Products;
			sourceTree = "<group>";
		};
		0A8CEED02729F5270086E19C /* My Vehicle */ = {
			isa = PBXGroup;
			children = (
				0ABE5857272C0ED900F9AD90 /* Extensions */,
				0ABE5854272C0DF600F9AD90 /* Styles */,
				0A7E799C272B65BE001D1B47 /* Database */,
				0A7E7999272B64A7001D1B47 /* Resources */,
				0A7E7996272B63FC001D1B47 /* Requests */,
				0A7E7991272B5AD4001D1B47 /* Views */,
				0A8CEF002729F5C30086E19C /* Model */,
				0A8CEED12729F5270086E19C /* MyVehicleApp.swift */,
				0A8CEED52729F5290086E19C /* Assets.xcassets */,
				0A8CEEDC2729F5290086E19C /* MyVehicle.xcdatamodeld */,
				0A8CEED72729F5290086E19C /* Preview Content */,
			);
			path = "My Vehicle";
			sourceTree = "<group>";
		};
		0A8CEED72729F5290086E19C /* Preview Content */ = {
			isa = PBXGroup;
			children = (
				0A8CEED82729F5290086E19C /* Preview Assets.xcassets */,
			);
			path = "Preview Content";
			sourceTree = "<group>";
		};
		0A8CEEE62729F5290086E19C /* My VehicleTests */ = {
			isa = PBXGroup;
			children = (
				0A8CEEE72729F5290086E19C /* MyVehicleTests.swift */,
				0A7E798F272B42CF001D1B47 /* JSONParseTest.swift */,
				0A7E79A3272B71A5001D1B47 /* PersistentTest.swift */,
				0A324BF7272C5C4800A097F8 /* TestVehicleInfoFetch.swift */,
			);
			path = "My VehicleTests";
			sourceTree = "<group>";
		};
		0A8CEEF02729F5290086E19C /* My VehicleUITests */ = {
			isa = PBXGroup;
			children = (
				0A8CEEF12729F5290086E19C /* MyVehicleUITests.swift */,
				0A8CEEF32729F5290086E19C /* MyVehicleUITestsLaunchTests.swift */,
			);
			path = "My VehicleUITests";
			sourceTree = "<group>";
		};
		0A8CEF002729F5C30086E19C /* Model */ = {
			isa = PBXGroup;
			children = (
				0A8CEF012729F5F40086E19C /* VehicleDetail.swift */,
				0A8CEF032729F69F0086E19C /* SensorDetails.swift */,
				0AD5A6FB2729F8B8005918FD /* VehicleConfig.swift */,
				0A7E798B272B41C6001D1B47 /* RequestDetails.swift */,
				0A7E798D272B421F001D1B47 /* UserDetails.swift */,
			);
			path = Model;
			sourceTree = "<group>";
		};
		0ABE5854272C0DF600F9AD90 /* Styles */ = {
			isa = PBXGroup;
			children = (
				0ABE5855272C0E0300F9AD90 /* ModalStyle.swift */,
			);
			path = Styles;
			sourceTree = "<group>";
		};
		0ABE5857272C0ED900F9AD90 /* Extensions */ = {
			isa = PBXGroup;
			children = (
				0ABE5858272C0EED00F9AD90 /* ViewExtension.swift */,
			);
			path = Extensions;
			sourceTree = "<group>";
		};
/* End PBXGroup section */

/* Begin PBXNativeTarget section */
		0A8CEECD2729F5270086E19C /* MyVehicle */ = {
			isa = PBXNativeTarget;
			buildConfigurationList = 0A8CEEF72729F5290086E19C /* Build configuration list for PBXNativeTarget "MyVehicle" */;
			buildPhases = (
				0A8CEECA2729F5270086E19C /* Sources */,
				0A8CEECB2729F5270086E19C /* Frameworks */,
				0A8CEECC2729F5270086E19C /* Resources */,
			);
			buildRules = (
			);
			dependencies = (
			);
			name = MyVehicle;
			productName = "My Vehicle";
			productReference = 0A8CEECE2729F5270086E19C /* MyVehicle.app */;
			productType = "com.apple.product-type.application";
		};
		0A8CEEE22729F5290086E19C /* My VehicleTests */ = {
			isa = PBXNativeTarget;
			buildConfigurationList = 0A8CEEFA2729F5290086E19C /* Build configuration list for PBXNativeTarget "My VehicleTests" */;
			buildPhases = (
				0A8CEEDF2729F5290086E19C /* Sources */,
				0A8CEEE02729F5290086E19C /* Frameworks */,
				0A8CEEE12729F5290086E19C /* Resources */,
			);
			buildRules = (
			);
			dependencies = (
				0A8CEEE52729F5290086E19C /* PBXTargetDependency */,
			);
			name = "My VehicleTests";
			productName = "My VehicleTests";
			productReference = 0A8CEEE32729F5290086E19C /* My VehicleTests.xctest */;
			productType = "com.apple.product-type.bundle.unit-test";
		};
		0A8CEEEC2729F5290086E19C /* My VehicleUITests */ = {
			isa = PBXNativeTarget;
			buildConfigurationList = 0A8CEEFD2729F5290086E19C /* Build configuration list for PBXNativeTarget "My VehicleUITests" */;
			buildPhases = (
				0A8CEEE92729F5290086E19C /* Sources */,
				0A8CEEEA2729F5290086E19C /* Frameworks */,
				0A8CEEEB2729F5290086E19C /* Resources */,
			);
			buildRules = (
			);
			dependencies = (
				0A8CEEEF2729F5290086E19C /* PBXTargetDependency */,
			);
			name = "My VehicleUITests";
			productName = "My VehicleUITests";
			productReference = 0A8CEEED2729F5290086E19C /* My VehicleUITests.xctest */;
			productType = "com.apple.product-type.bundle.ui-testing";
		};
/* End PBXNativeTarget section */

/* Begin PBXProject section */
		0A8CEEC62729F5270086E19C /* Project object */ = {
			isa = PBXProject;
			attributes = {
				BuildIndependentTargetsInParallel = 1;
				LastSwiftUpdateCheck = 1300;
				LastUpgradeCheck = 1300;
				TargetAttributes = {
					0A8CEECD2729F5270086E19C = {
						CreatedOnToolsVersion = 13.0;
					};
					0A8CEEE22729F5290086E19C = {
						CreatedOnToolsVersion = 13.0;
						TestTargetID = 0A8CEECD2729F5270086E19C;
					};
					0A8CEEEC2729F5290086E19C = {
						CreatedOnToolsVersion = 13.0;
						TestTargetID = 0A8CEECD2729F5270086E19C;
					};
				};
			};
			buildConfigurationList = 0A8CEEC92729F5270086E19C /* Build configuration list for PBXProject "My Vehicle" */;
			compatibilityVersion = "Xcode 13.0";
			developmentRegion = en;
			hasScannedForEncodings = 0;
			knownRegions = (
				en,
				Base,
			);
			mainGroup = 0A8CEEC52729F5270086E19C;
			productRefGroup = 0A8CEECF2729F5270086E19C /* Products */;
			projectDirPath = "";
			projectRoot = "";
			targets = (
				0A8CEECD2729F5270086E19C /* MyVehicle */,
				0A8CEEE22729F5290086E19C /* My VehicleTests */,
				0A8CEEEC2729F5290086E19C /* My VehicleUITests */,
			);
		};
/* End PBXProject section */

/* Begin PBXResourcesBuildPhase section */
		0A8CEECC2729F5270086E19C /* Resources */ = {
			isa = PBXResourcesBuildPhase;
			buildActionMask = 2147483647;
			files = (
				0A8CEED92729F5290086E19C /* Preview Assets.xcassets in Resources */,
				0A8CEED62729F5290086E19C /* Assets.xcassets in Resources */,
				0A7E799B272B64DB001D1B47 /* SampleVehicleConfig.json in Resources */,
			);
			runOnlyForDeploymentPostprocessing = 0;
		};
		0A8CEEE12729F5290086E19C /* Resources */ = {
			isa = PBXResourcesBuildPhase;
			buildActionMask = 2147483647;
			files = (
			);
			runOnlyForDeploymentPostprocessing = 0;
		};
		0A8CEEEB2729F5290086E19C /* Resources */ = {
			isa = PBXResourcesBuildPhase;
			buildActionMask = 2147483647;
			files = (
			);
			runOnlyForDeploymentPostprocessing = 0;
		};
/* End PBXResourcesBuildPhase section */

/* Begin PBXSourcesBuildPhase section */
		0A8CEECA2729F5270086E19C /* Sources */ = {
			isa = PBXSourcesBuildPhase;
			buildActionMask = 2147483647;
			files = (
				0A8CEEDE2729F5290086E19C /* MyVehicle.xcdatamodeld in Sources */,
				0A8CEEDB2729F5290086E19C /* Persistence.swift in Sources */,
				0A7E798E272B421F001D1B47 /* UserDetails.swift in Sources */,
				0ABE5853272C0DA500F9AD90 /* ModalView.swift in Sources */,
				0A7E7995272B62D9001D1B47 /* VehicleDetailView.swift in Sources */,
				0A7E7993272B5AE4001D1B47 /* VehicleList.swift in Sources */,
				0AD5A6FC2729F8B8005918FD /* VehicleConfig.swift in Sources */,
				0A8CEED22729F5270086E19C /* MyVehicleApp.swift in Sources */,
				0A7E799E272B65E3001D1B47 /* VehiclePersistence.swift in Sources */,
				0A324BFF272C689F00A097F8 /* SensorDetailRow.swift in Sources */,
				0ABE5856272C0E0300F9AD90 /* ModalStyle.swift in Sources */,
				0A8CEF042729F69F0086E19C /* SensorDetails.swift in Sources */,
				0A7E798C272B41C6001D1B47 /* RequestDetails.swift in Sources */,
				0A7E7998272B6419001D1B47 /* RetrieveVehicleInfo.swift in Sources */,
				0ABE5859272C0EED00F9AD90 /* ViewExtension.swift in Sources */,
				0A324C01272C759B00A097F8 /* InputValueView.swift in Sources */,
				0ABE585D272C245700F9AD90 /* DropdownSelectionView.swift in Sources */,
				0A7E79AA272BE69A001D1B47 /* SensorDetailsView.swift in Sources */,
				0A7E79A0272B70A5001D1B47 /* DbError.swift in Sources */,
				0A8CEF022729F5F40086E19C /* VehicleDetail.swift in Sources */,
			);
			runOnlyForDeploymentPostprocessing = 0;
		};
		0A8CEEDF2729F5290086E19C /* Sources */ = {
			isa = PBXSourcesBuildPhase;
			buildActionMask = 2147483647;
			files = (
				0A7E79A4272B71A5001D1B47 /* PersistentTest.swift in Sources */,
				0A8CEEE82729F5290086E19C /* MyVehicleTests.swift in Sources */,
				0A7E7990272B42CF001D1B47 /* JSONParseTest.swift in Sources */,
				0A324BF8272C5C4800A097F8 /* TestVehicleInfoFetch.swift in Sources */,
			);
			runOnlyForDeploymentPostprocessing = 0;
		};
		0A8CEEE92729F5290086E19C /* Sources */ = {
			isa = PBXSourcesBuildPhase;
			buildActionMask = 2147483647;
			files = (
				0A8CEEF22729F5290086E19C /* MyVehicleUITests.swift in Sources */,
				0A8CEEF42729F5290086E19C /* MyVehicleUITestsLaunchTests.swift in Sources */,
			);
			runOnlyForDeploymentPostprocessing = 0;
		};
/* End PBXSourcesBuildPhase section */

/* Begin PBXTargetDependency section */
		0A8CEEE52729F5290086E19C /* PBXTargetDependency */ = {
			isa = PBXTargetDependency;
			target = 0A8CEECD2729F5270086E19C /* MyVehicle */;
			targetProxy = 0A8CEEE42729F5290086E19C /* PBXContainerItemProxy */;
		};
		0A8CEEEF2729F5290086E19C /* PBXTargetDependency */ = {
			isa = PBXTargetDependency;
			target = 0A8CEECD2729F5270086E19C /* MyVehicle */;
			targetProxy = 0A8CEEEE2729F5290086E19C /* PBXContainerItemProxy */;
		};
/* End PBXTargetDependency section */

/* Begin XCBuildConfiguration section */
		0A8CEEF52729F5290086E19C /* Debug */ = {
			isa = XCBuildConfiguration;
			buildSettings = {
				ALWAYS_SEARCH_USER_PATHS = NO;
				CLANG_ANALYZER_NONNULL = YES;
				CLANG_ANALYZER_NUMBER_OBJECT_CONVERSION = YES_AGGRESSIVE;
				CLANG_CXX_LANGUAGE_STANDARD = "gnu++17";
				CLANG_CXX_LIBRARY = "libc++";
				CLANG_ENABLE_MODULES = YES;
				CLANG_ENABLE_OBJC_ARC = YES;
				CLANG_ENABLE_OBJC_WEAK = YES;
				CLANG_WARN_BLOCK_CAPTURE_AUTORELEASING = YES;
				CLANG_WARN_BOOL_CONVERSION = YES;
				CLANG_WARN_COMMA = YES;
				CLANG_WARN_CONSTANT_CONVERSION = YES;
				CLANG_WARN_DEPRECATED_OBJC_IMPLEMENTATIONS = YES;
				CLANG_WARN_DIRECT_OBJC_ISA_USAGE = YES_ERROR;
				CLANG_WARN_DOCUMENTATION_COMMENTS = YES;
				CLANG_WARN_EMPTY_BODY = YES;
				CLANG_WARN_ENUM_CONVERSION = YES;
				CLANG_WARN_INFINITE_RECURSION = YES;
				CLANG_WARN_INT_CONVERSION = YES;
				CLANG_WARN_NON_LITERAL_NULL_CONVERSION = YES;
				CLANG_WARN_OBJC_IMPLICIT_RETAIN_SELF = YES;
				CLANG_WARN_OBJC_LITERAL_CONVERSION = YES;
				CLANG_WARN_OBJC_ROOT_CLASS = YES_ERROR;
				CLANG_WARN_QUOTED_INCLUDE_IN_FRAMEWORK_HEADER = YES;
				CLANG_WARN_RANGE_LOOP_ANALYSIS = YES;
				CLANG_WARN_STRICT_PROTOTYPES = YES;
				CLANG_WARN_SUSPICIOUS_MOVE = YES;
				CLANG_WARN_UNGUARDED_AVAILABILITY = YES_AGGRESSIVE;
				CLANG_WARN_UNREACHABLE_CODE = YES;
				CLANG_WARN__DUPLICATE_METHOD_MATCH = YES;
				COPY_PHASE_STRIP = NO;
				DEBUG_INFORMATION_FORMAT = dwarf;
				ENABLE_STRICT_OBJC_MSGSEND = YES;
				ENABLE_TESTABILITY = YES;
				GCC_C_LANGUAGE_STANDARD = gnu11;
				GCC_DYNAMIC_NO_PIC = NO;
				GCC_NO_COMMON_BLOCKS = YES;
				GCC_OPTIMIZATION_LEVEL = 0;
				GCC_PREPROCESSOR_DEFINITIONS = (
					"DEBUG=1",
					"$(inherited)",
				);
				GCC_WARN_64_TO_32_BIT_CONVERSION = YES;
				GCC_WARN_ABOUT_RETURN_TYPE = YES_ERROR;
				GCC_WARN_UNDECLARED_SELECTOR = YES;
				GCC_WARN_UNINITIALIZED_AUTOS = YES_AGGRESSIVE;
				GCC_WARN_UNUSED_FUNCTION = YES;
				GCC_WARN_UNUSED_VARIABLE = YES;
				IPHONEOS_DEPLOYMENT_TARGET = 15.0;
				MTL_ENABLE_DEBUG_INFO = INCLUDE_SOURCE;
				MTL_FAST_MATH = YES;
				ONLY_ACTIVE_ARCH = YES;
				SDKROOT = iphoneos;
				SWIFT_ACTIVE_COMPILATION_CONDITIONS = DEBUG;
				SWIFT_OPTIMIZATION_LEVEL = "-Onone";
			};
			name = Debug;
		};
		0A8CEEF62729F5290086E19C /* Release */ = {
			isa = XCBuildConfiguration;
			buildSettings = {
				ALWAYS_SEARCH_USER_PATHS = NO;
				CLANG_ANALYZER_NONNULL = YES;
				CLANG_ANALYZER_NUMBER_OBJECT_CONVERSION = YES_AGGRESSIVE;
				CLANG_CXX_LANGUAGE_STANDARD = "gnu++17";
				CLANG_CXX_LIBRARY = "libc++";
				CLANG_ENABLE_MODULES = YES;
				CLANG_ENABLE_OBJC_ARC = YES;
				CLANG_ENABLE_OBJC_WEAK = YES;
				CLANG_WARN_BLOCK_CAPTURE_AUTORELEASING = YES;
				CLANG_WARN_BOOL_CONVERSION = YES;
				CLANG_WARN_COMMA = YES;
				CLANG_WARN_CONSTANT_CONVERSION = YES;
				CLANG_WARN_DEPRECATED_OBJC_IMPLEMENTATIONS = YES;
				CLANG_WARN_DIRECT_OBJC_ISA_USAGE = YES_ERROR;
				CLANG_WARN_DOCUMENTATION_COMMENTS = YES;
				CLANG_WARN_EMPTY_BODY = YES;
				CLANG_WARN_ENUM_CONVERSION = YES;
				CLANG_WARN_INFINITE_RECURSION = YES;
				CLANG_WARN_INT_CONVERSION = YES;
				CLANG_WARN_NON_LITERAL_NULL_CONVERSION = YES;
				CLANG_WARN_OBJC_IMPLICIT_RETAIN_SELF = YES;
				CLANG_WARN_OBJC_LITERAL_CONVERSION = YES;
				CLANG_WARN_OBJC_ROOT_CLASS = YES_ERROR;
				CLANG_WARN_QUOTED_INCLUDE_IN_FRAMEWORK_HEADER = YES;
				CLANG_WARN_RANGE_LOOP_ANALYSIS = YES;
				CLANG_WARN_STRICT_PROTOTYPES = YES;
				CLANG_WARN_SUSPICIOUS_MOVE = YES;
				CLANG_WARN_UNGUARDED_AVAILABILITY = YES_AGGRESSIVE;
				CLANG_WARN_UNREACHABLE_CODE = YES;
				CLANG_WARN__DUPLICATE_METHOD_MATCH = YES;
				COPY_PHASE_STRIP = NO;
				DEBUG_INFORMATION_FORMAT = "dwarf-with-dsym";
				ENABLE_NS_ASSERTIONS = NO;
				ENABLE_STRICT_OBJC_MSGSEND = YES;
				GCC_C_LANGUAGE_STANDARD = gnu11;
				GCC_NO_COMMON_BLOCKS = YES;
				GCC_WARN_64_TO_32_BIT_CONVERSION = YES;
				GCC_WARN_ABOUT_RETURN_TYPE = YES_ERROR;
				GCC_WARN_UNDECLARED_SELECTOR = YES;
				GCC_WARN_UNINITIALIZED_AUTOS = YES_AGGRESSIVE;
				GCC_WARN_UNUSED_FUNCTION = YES;
				GCC_WARN_UNUSED_VARIABLE = YES;
				IPHONEOS_DEPLOYMENT_TARGET = 15.0;
				MTL_ENABLE_DEBUG_INFO = NO;
				MTL_FAST_MATH = YES;
				SDKROOT = iphoneos;
				SWIFT_COMPILATION_MODE = wholemodule;
				SWIFT_OPTIMIZATION_LEVEL = "-O";
				VALIDATE_PRODUCT = YES;
			};
			name = Release;
		};
		0A8CEEF82729F5290086E19C /* Debug */ = {
			isa = XCBuildConfiguration;
			buildSettings = {
				ASSETCATALOG_COMPILER_APPICON_NAME = AppIcon;
				ASSETCATALOG_COMPILER_GLOBAL_ACCENT_COLOR_NAME = AccentColor;
				CODE_SIGN_STYLE = Automatic;
				CURRENT_PROJECT_VERSION = 1;
				DEVELOPMENT_ASSET_PATHS = "\"My Vehicle/Preview Content\"";
				DEVELOPMENT_TEAM = 99H35PRZ8D;
				ENABLE_PREVIEWS = YES;
				GENERATE_INFOPLIST_FILE = YES;
				INFOPLIST_KEY_UIApplicationSceneManifest_Generation = YES;
				INFOPLIST_KEY_UIApplicationSupportsIndirectInputEvents = YES;
				INFOPLIST_KEY_UILaunchScreen_Generation = YES;
				INFOPLIST_KEY_UISupportedInterfaceOrientations_iPad = "UIInterfaceOrientationPortrait UIInterfaceOrientationPortraitUpsideDown UIInterfaceOrientationLandscapeLeft UIInterfaceOrientationLandscapeRight";
				INFOPLIST_KEY_UISupportedInterfaceOrientations_iPhone = "UIInterfaceOrientationPortrait UIInterfaceOrientationLandscapeLeft UIInterfaceOrientationLandscapeRight";
				IPHONEOS_DEPLOYMENT_TARGET = 14.0;
				LD_RUNPATH_SEARCH_PATHS = (
					"$(inherited)",
					"@executable_path/Frameworks",
				);
				MARKETING_VERSION = 1.0;
				PRODUCT_BUNDLE_IDENTIFIER = "com.shilei.vehicleController.My-Vehicle";
				PRODUCT_NAME = "$(TARGET_NAME)";
				SWIFT_EMIT_LOC_STRINGS = YES;
				SWIFT_VERSION = 5.0;
				TARGETED_DEVICE_FAMILY = "1,2";
			};
			name = Debug;
		};
		0A8CEEF92729F5290086E19C /* Release */ = {
			isa = XCBuildConfiguration;
			buildSettings = {
				ASSETCATALOG_COMPILER_APPICON_NAME = AppIcon;
				ASSETCATALOG_COMPILER_GLOBAL_ACCENT_COLOR_NAME = AccentColor;
				CODE_SIGN_STYLE = Automatic;
				CURRENT_PROJECT_VERSION = 1;
				DEVELOPMENT_ASSET_PATHS = "\"My Vehicle/Preview Content\"";
				DEVELOPMENT_TEAM = 99H35PRZ8D;
				ENABLE_PREVIEWS = YES;
				GENERATE_INFOPLIST_FILE = YES;
				INFOPLIST_KEY_UIApplicationSceneManifest_Generation = YES;
				INFOPLIST_KEY_UIApplicationSupportsIndirectInputEvents = YES;
				INFOPLIST_KEY_UILaunchScreen_Generation = YES;
				INFOPLIST_KEY_UISupportedInterfaceOrientations_iPad = "UIInterfaceOrientationPortrait UIInterfaceOrientationPortraitUpsideDown UIInterfaceOrientationLandscapeLeft UIInterfaceOrientationLandscapeRight";
				INFOPLIST_KEY_UISupportedInterfaceOrientations_iPhone = "UIInterfaceOrientationPortrait UIInterfaceOrientationLandscapeLeft UIInterfaceOrientationLandscapeRight";
				IPHONEOS_DEPLOYMENT_TARGET = 14.0;
				LD_RUNPATH_SEARCH_PATHS = (
					"$(inherited)",
					"@executable_path/Frameworks",
				);
				MARKETING_VERSION = 1.0;
				PRODUCT_BUNDLE_IDENTIFIER = "com.shilei.vehicleController.My-Vehicle";
				PRODUCT_NAME = "$(TARGET_NAME)";
				SWIFT_EMIT_LOC_STRINGS = YES;
				SWIFT_VERSION = 5.0;
				TARGETED_DEVICE_FAMILY = "1,2";
			};
			name = Release;
		};
		0A8CEEFB2729F5290086E19C /* Debug */ = {
			isa = XCBuildConfiguration;
			buildSettings = {
				ALWAYS_EMBED_SWIFT_STANDARD_LIBRARIES = YES;
				BUNDLE_LOADER = "$(TEST_HOST)";
				CODE_SIGN_STYLE = Automatic;
				CURRENT_PROJECT_VERSION = 1;
				DEVELOPMENT_TEAM = 99H35PRZ8D;
				GENERATE_INFOPLIST_FILE = YES;
				IPHONEOS_DEPLOYMENT_TARGET = 14.0;
				LD_RUNPATH_SEARCH_PATHS = (
					"$(inherited)",
					"@executable_path/Frameworks",
					"@loader_path/Frameworks",
				);
				MARKETING_VERSION = 1.0;
				PRODUCT_BUNDLE_IDENTIFIER = "com.shilei.vehicleController.My-VehicleTests";
				PRODUCT_NAME = "$(TARGET_NAME)";
				SWIFT_EMIT_LOC_STRINGS = NO;
				SWIFT_VERSION = 5.0;
				TARGETED_DEVICE_FAMILY = "1,2";
				TEST_HOST = "$(BUILT_PRODUCTS_DIR)/MyVehicle.app/MyVehicle";
			};
			name = Debug;
		};
		0A8CEEFC2729F5290086E19C /* Release */ = {
			isa = XCBuildConfiguration;
			buildSettings = {
				ALWAYS_EMBED_SWIFT_STANDARD_LIBRARIES = YES;
				BUNDLE_LOADER = "$(TEST_HOST)";
				CODE_SIGN_STYLE = Automatic;
				CURRENT_PROJECT_VERSION = 1;
				DEVELOPMENT_TEAM = 99H35PRZ8D;
				GENERATE_INFOPLIST_FILE = YES;
				IPHONEOS_DEPLOYMENT_TARGET = 14.0;
				LD_RUNPATH_SEARCH_PATHS = (
					"$(inherited)",
					"@executable_path/Frameworks",
					"@loader_path/Frameworks",
				);
				MARKETING_VERSION = 1.0;
				PRODUCT_BUNDLE_IDENTIFIER = "com.shilei.vehicleController.My-VehicleTests";
				PRODUCT_NAME = "$(TARGET_NAME)";
				SWIFT_EMIT_LOC_STRINGS = NO;
				SWIFT_VERSION = 5.0;
				TARGETED_DEVICE_FAMILY = "1,2";
				TEST_HOST = "$(BUILT_PRODUCTS_DIR)/MyVehicle.app/MyVehicle";
			};
			name = Release;
		};
		0A8CEEFE2729F5290086E19C /* Debug */ = {
			isa = XCBuildConfiguration;
			buildSettings = {
				ALWAYS_EMBED_SWIFT_STANDARD_LIBRARIES = YES;
				CODE_SIGN_STYLE = Automatic;
				CURRENT_PROJECT_VERSION = 1;
				DEVELOPMENT_TEAM = 99H35PRZ8D;
				GENERATE_INFOPLIST_FILE = YES;
				LD_RUNPATH_SEARCH_PATHS = (
					"$(inherited)",
					"@executable_path/Frameworks",
					"@loader_path/Frameworks",
				);
				MARKETING_VERSION = 1.0;
				PRODUCT_BUNDLE_IDENTIFIER = "com.shilei.vehicleController.My-VehicleUITests";
				PRODUCT_NAME = "$(TARGET_NAME)";
				SWIFT_EMIT_LOC_STRINGS = NO;
				SWIFT_VERSION = 5.0;
				TARGETED_DEVICE_FAMILY = "1,2";
				TEST_TARGET_NAME = "My Vehicle";
			};
			name = Debug;
		};
		0A8CEEFF2729F5290086E19C /* Release */ = {
			isa = XCBuildConfiguration;
			buildSettings = {
				ALWAYS_EMBED_SWIFT_STANDARD_LIBRARIES = YES;
				CODE_SIGN_STYLE = Automatic;
				CURRENT_PROJECT_VERSION = 1;
				DEVELOPMENT_TEAM = 99H35PRZ8D;
				GENERATE_INFOPLIST_FILE = YES;
				LD_RUNPATH_SEARCH_PATHS = (
					"$(inherited)",
					"@executable_path/Frameworks",
					"@loader_path/Frameworks",
				);
				MARKETING_VERSION = 1.0;
				PRODUCT_BUNDLE_IDENTIFIER = "com.shilei.vehicleController.My-VehicleUITests";
				PRODUCT_NAME = "$(TARGET_NAME)";
				SWIFT_EMIT_LOC_STRINGS = NO;
				SWIFT_VERSION = 5.0;
				TARGETED_DEVICE_FAMILY = "1,2";
				TEST_TARGET_NAME = "My Vehicle";
			};
			name = Release;
		};
/* End XCBuildConfiguration section */

/* Begin XCConfigurationList section */
		0A8CEEC92729F5270086E19C /* Build configuration list for PBXProject "My Vehicle" */ = {
			isa = XCConfigurationList;
			buildConfigurations = (
				0A8CEEF52729F5290086E19C /* Debug */,
				0A8CEEF62729F5290086E19C /* Release */,
			);
			defaultConfigurationIsVisible = 0;
			defaultConfigurationName = Release;
		};
		0A8CEEF72729F5290086E19C /* Build configuration list for PBXNativeTarget "MyVehicle" */ = {
			isa = XCConfigurationList;
			buildConfigurations = (
				0A8CEEF82729F5290086E19C /* Debug */,
				0A8CEEF92729F5290086E19C /* Release */,
			);
			defaultConfigurationIsVisible = 0;
			defaultConfigurationName = Release;
		};
		0A8CEEFA2729F5290086E19C /* Build configuration list for PBXNativeTarget "My VehicleTests" */ = {
			isa = XCConfigurationList;
			buildConfigurations = (
				0A8CEEFB2729F5290086E19C /* Debug */,
				0A8CEEFC2729F5290086E19C /* Release */,
			);
			defaultConfigurationIsVisible = 0;
			defaultConfigurationName = Release;
		};
		0A8CEEFD2729F5290086E19C /* Build configuration list for PBXNativeTarget "My VehicleUITests" */ = {
			isa = XCConfigurationList;
			buildConfigurations = (
				0A8CEEFE2729F5290086E19C /* Debug */,
				0A8CEEFF2729F5290086E19C /* Release */,
			);
			defaultConfigurationIsVisible = 0;
			defaultConfigurationName = Release;
		};
/* End XCConfigurationList section */

/* Begin XCVersionGroup section */
		0A8CEEDC2729F5290086E19C /* MyVehicle.xcdatamodeld */ = {
			isa = XCVersionGroup;
			children = (
				0A324BF6272C45E100A097F8 /* MyVehicle2.xcdatamodel */,
				0A8CEEDD2729F5290086E19C /* My_Vehicle.xcdatamodel */,
			);
			currentVersion = 0A324BF6272C45E100A097F8 /* MyVehicle2.xcdatamodel */;
			path = MyVehicle.xcdatamodeld;
			sourceTree = "<group>";
			versionGroupType = wrapper.xcdatamodel;
		};
/* End XCVersionGroup section */
	};
	rootObject = 0A8CEEC62729F5270086E19C /* Project object */;
}
